
Microsoft Visual Studio Solution File, Format Version 12.00
# Visual Studio Version 17
VisualStudioVersion = 17.3.32929.385
MinimumVisualStudioVersion = 10.0.40219.1
Project("{FAE04EC0-301F-11D3-BF4B-00C04F79EFBC}") = "system sound recorder", "system sound recorder\system sound recorder.csproj", "{C5BB32E8-ED1C-47C7-87B6-B47F545F83F3}"
EndProject
Global
	GlobalSection(SolutionConfigurationPlatforms) = preSolution
		Debug|Any CPU = Debug|Any CPU
		Release|Any CPU = Release|Any CPU
	EndGlobalSection
	GlobalSection(ProjectConfigurationPlatforms) = postSolution
		{C5BB32E8-ED1C-47C7-87B6-B47F545F83F3}.Debug|Any CPU.ActiveCfg = Debug|Any CPU
		{C5BB32E8-ED1C-47C7-87B6-B47F545F83F3}.Debug|Any CPU.Build.0 = Debug|Any CPU
		{C5BB32E8-ED1C-47C7-87B6-B47F545F83F3}.Release|Any CPU.ActiveCfg = Release|Any CPU
		{C5BB32E8-ED1C-47C7-87B6-B47F545F83F3}.Release|Any CPU.Build.0 = Release|Any CPU
	EndGlobalSection
	GlobalSection(SolutionProperties) = preSolution
		HideSolutionNode = FALSE
	EndGlobalSection
	GlobalSection(ExtensibilityGlobals) = postSolution
		SolutionGuid = {F7687BA4-B173-4499-B7D8-814077E131AF}
	EndGlobalSection
EndGlobal
